
Microsoft Visual Studio Solution File, Format Version 12.00
# Visual Studio Version 17
VisualStudioVersion = 17.4.33213.308
MinimumVisualStudioVersion = 10.0.40219.1
Project("{9A19103F-16F7-4668-BE54-9A1E7A4F7556}") = "OnlyShare", "OnlyShare.csproj", "{F007C082-38BD-4EDC-9203-0F7CA33014CC}"
EndProject
Global
	GlobalSection(SolutionConfigurationPlatforms) = preSolution
		Debug|Any CPU = Debug|Any CPU
		Release|Any CPU = Release|Any CPU
	EndGlobalSection
	GlobalSection(ProjectConfigurationPlatforms) = postSolution
		{F007C082-38BD-4EDC-9203-0F7CA33014CC}.Debug|Any CPU.ActiveCfg = Debug|Any CPU
		{F007C082-38BD-4EDC-9203-0F7CA33014CC}.Debug|Any CPU.Build.0 = Debug|Any CPU
		{F007C082-38BD-4EDC-9203-0F7CA33014CC}.Release|Any CPU.ActiveCfg = Release|Any CPU
		{F007C082-38BD-4EDC-9203-0F7CA33014CC}.Release|Any CPU.Build.0 = Release|Any CPU
	EndGlobalSection
	GlobalSection(SolutionProperties) = preSolution
		HideSolutionNode = FALSE
	EndGlobalSection
	GlobalSection(ExtensibilityGlobals) = postSolution
		SolutionGuid = {C4082C55-2505-4BEB-9C59-FADAE8793EFA}
	EndGlobalSection
EndGlobal
